
Microsoft Visual Studio Solution File, Format Version 12.00
# Visual Studio Version 17
VisualStudioVersion = 17.8.34408.163
MinimumVisualStudioVersion = 10.0.40219.1
Project("{9A19103F-16F7-4668-BE54-9A1E7A4F7556}") = "Rephidock.AtomicAnimations", "Rephidock.AtomicAnimations\Rephidock.AtomicAnimations.csproj", "{1D6AC25D-DCE7-4702-B05D-C185B726139E}"
EndProject
Project("{9A19103F-16F7-4668-BE54-9A1E7A4F7556}") = "Rephidock.AtomicAnimations.VisualTests", "Rephidock.AtomicAnimations.VisualTests\Rephidock.AtomicAnimations.VisualTests.csproj", "{60E08C0C-0F89-47CD-A774-59D5E32DBA5B}"
EndProject
Project("{9A19103F-16F7-4668-BE54-9A1E7A4F7556}") = "Rephidock.AtomicAnimations.NetFramework35", "Rephidock.AtomicAnimations.NetFramework35\Rephidock.AtomicAnimations.NetFramework35.csproj", "{0C883629-8000-4D60-A8CC-E5401F3EDE59}"
EndProject
Global
	GlobalSection(SolutionConfigurationPlatforms) = preSolution
		Debug|Any CPU = Debug|Any CPU
		Release|Any CPU = Release|Any CPU
	EndGlobalSection
	GlobalSection(ProjectConfigurationPlatforms) = postSolution
		{1D6AC25D-DCE7-4702-B05D-C185B726139E}.Debug|Any CPU.ActiveCfg = Debug|Any CPU
		{1D6AC25D-DCE7-4702-B05D-C185B726139E}.Debug|Any CPU.Build.0 = Debug|Any CPU
		{1D6AC25D-DCE7-4702-B05D-C185B726139E}.Release|Any CPU.ActiveCfg = Release|Any CPU
		{1D6AC25D-DCE7-4702-B05D-C185B726139E}.Release|Any CPU.Build.0 = Release|Any CPU
		{60E08C0C-0F89-47CD-A774-59D5E32DBA5B}.Debug|Any CPU.ActiveCfg = Debug|Any CPU
		{60E08C0C-0F89-47CD-A774-59D5E32DBA5B}.Debug|Any CPU.Build.0 = Debug|Any CPU
		{60E08C0C-0F89-47CD-A774-59D5E32DBA5B}.Release|Any CPU.ActiveCfg = Release|Any CPU
		{60E08C0C-0F89-47CD-A774-59D5E32DBA5B}.Release|Any CPU.Build.0 = Release|Any CPU
		{0C883629-8000-4D60-A8CC-E5401F3EDE59}.Debug|Any CPU.ActiveCfg = Debug|Any CPU
		{0C883629-8000-4D60-A8CC-E5401F3EDE59}.Debug|Any CPU.Build.0 = Debug|Any CPU
		{0C883629-8000-4D60-A8CC-E5401F3EDE59}.Release|Any CPU.ActiveCfg = Release|Any CPU
		{0C883629-8000-4D60-A8CC-E5401F3EDE59}.Release|Any CPU.Build.0 = Release|Any CPU
	EndGlobalSection
	GlobalSection(SolutionProperties) = preSolution
		HideSolutionNode = FALSE
	EndGlobalSection
	GlobalSection(ExtensibilityGlobals) = postSolution
		SolutionGuid = {5687AF3C-6B67-42A3-A8F5-1A80EA77C316}
	EndGlobalSection
EndGlobal
